
Microsoft Visual Studio Solution File, Format Version 12.00
# Visual Studio Version 17
VisualStudioVersion = 17.0.31903.59
MinimumVisualStudioVersion = 10.0.40219.1
Project("{9A19103F-16F7-4668-BE54-9A1E7A4F7556}") = "RMS.Data", "RMS.Data\RMS.Data.csproj", "{BB3F78D5-87CF-4CDB-9FCD-787D20C15E06}"
EndProject
Project("{9A19103F-16F7-4668-BE54-9A1E7A4F7556}") = "RMS.Infrastructure", "RMS.Infrastructure\RMS.Infrastructure.csproj", "{157684DB-92BD-4A04-A2D4-B3C93390EB77}"
EndProject
Project("{FAE04EC0-301F-11D3-BF4B-00C04F79EFBC}") = "RMS.Web", "RMS.Web\RMS.Web.csproj", "{24E8A3D0-3404-4BAA-81D9-FFE74686BB7B}"
EndProject
Global
	GlobalSection(SolutionConfigurationPlatforms) = preSolution
		Debug|Any CPU = Debug|Any CPU
		Release|Any CPU = Release|Any CPU
	EndGlobalSection
	GlobalSection(ProjectConfigurationPlatforms) = postSolution
		{BB3F78D5-87CF-4CDB-9FCD-787D20C15E06}.Debug|Any CPU.ActiveCfg = Debug|Any CPU
		{BB3F78D5-87CF-4CDB-9FCD-787D20C15E06}.Debug|Any CPU.Build.0 = Debug|Any CPU
		{BB3F78D5-87CF-4CDB-9FCD-787D20C15E06}.Release|Any CPU.ActiveCfg = Release|Any CPU
		{BB3F78D5-87CF-4CDB-9FCD-787D20C15E06}.Release|Any CPU.Build.0 = Release|Any CPU
		{157684DB-92BD-4A04-A2D4-B3C93390EB77}.Debug|Any CPU.ActiveCfg = Debug|Any CPU
		{157684DB-92BD-4A04-A2D4-B3C93390EB77}.Debug|Any CPU.Build.0 = Debug|Any CPU
		{157684DB-92BD-4A04-A2D4-B3C93390EB77}.Release|Any CPU.ActiveCfg = Release|Any CPU
		{157684DB-92BD-4A04-A2D4-B3C93390EB77}.Release|Any CPU.Build.0 = Release|Any CPU
		{24E8A3D0-3404-4BAA-81D9-FFE74686BB7B}.Debug|Any CPU.ActiveCfg = Debug|Any CPU
		{24E8A3D0-3404-4BAA-81D9-FFE74686BB7B}.Debug|Any CPU.Build.0 = Debug|Any CPU
		{24E8A3D0-3404-4BAA-81D9-FFE74686BB7B}.Release|Any CPU.ActiveCfg = Release|Any CPU
		{24E8A3D0-3404-4BAA-81D9-FFE74686BB7B}.Release|Any CPU.Build.0 = Release|Any CPU
	EndGlobalSection
	GlobalSection(SolutionProperties) = preSolution
		HideSolutionNode = FALSE
	EndGlobalSection
	GlobalSection(ExtensibilityGlobals) = postSolution
		SolutionGuid = {1144B811-BB2F-4B7A-B726-76B45F5AAECE}
	EndGlobalSection
EndGlobal
